
Microsoft Visual Studio Solution File, Format Version 12.00
# Visual Studio Version 16
VisualStudioVersion = 16.0.34729.46
MinimumVisualStudioVersion = 10.0.40219.1
Project("{FAE04EC0-301F-11D3-BF4B-00C04F79EFBC}") = "Ejercicio5", "Ejercicio5\Ejercicio5.csproj", "{35D78537-0029-4007-98AB-77B5A6D8E1A0}"
EndProject
Global
	GlobalSection(SolutionConfigurationPlatforms) = preSolution
		Debug|Any CPU = Debug|Any CPU
		Release|Any CPU = Release|Any CPU
	EndGlobalSection
	GlobalSection(ProjectConfigurationPlatforms) = postSolution
		{35D78537-0029-4007-98AB-77B5A6D8E1A0}.Debug|Any CPU.ActiveCfg = Debug|Any CPU
		{35D78537-0029-4007-98AB-77B5A6D8E1A0}.Debug|Any CPU.Build.0 = Debug|Any CPU
		{35D78537-0029-4007-98AB-77B5A6D8E1A0}.Release|Any CPU.ActiveCfg = Release|Any CPU
		{35D78537-0029-4007-98AB-77B5A6D8E1A0}.Release|Any CPU.Build.0 = Release|Any CPU
	EndGlobalSection
	GlobalSection(SolutionProperties) = preSolution
		HideSolutionNode = FALSE
	EndGlobalSection
	GlobalSection(ExtensibilityGlobals) = postSolution
		SolutionGuid = {D80B15DC-DD9C-4249-8083-6D134A1E22F9}
	EndGlobalSection
EndGlobal
